// !$*UTF8*$!
{
	archiveVersion = 1;
	classes = {
	};
	objectVersion = 46;
	objects = {

/* Begin PBXBuildFile section */
		0403EFEB17EDBF9E00696605 /* soapbox.png in Resources */ = {isa = PBXBuildFile; fileRef = 0403EFEA17EDBF9E00696605 /* soapbox.png */; };
		0403EFFC17EE299700696605 /* backgroundPattern.png in Resources */ = {isa = PBXBuildFile; fileRef = 0403EFFB17EE299700696605 /* backgroundPattern.png */; };
		045AA87E17EE4CD8006499F5 /* CustomCell.m in Sources */ = {isa = PBXBuildFile; fileRef = 045AA87C17EE4CD8006499F5 /* CustomCell.m */; };
		045AA87F17EE4CD8006499F5 /* CustomCell.xib in Resources */ = {isa = PBXBuildFile; fileRef = 045AA87D17EE4CD8006499F5 /* CustomCell.xib */; };
		045AA88117EE583D006499F5 /* SECRCODE.TTF in Resources */ = {isa = PBXBuildFile; fileRef = 045AA88017EE583D006499F5 /* SECRCODE.TTF */; };
		046C385F17ED802200460C13 /* MainMenuViewController.m in Sources */ = {isa = PBXBuildFile; fileRef = 046C385E17ED802200460C13 /* MainMenuViewController.m */; };
		046C386717ED8ADF00460C13 /* MainMenuViewController.xib in Resources */ = {isa = PBXBuildFile; fileRef = 046C386617ED8ADF00460C13 /* MainMenuViewController.xib */; };
		046C387117ED8FEE00460C13 /* DummyMapViewController.m in Sources */ = {isa = PBXBuildFile; fileRef = 046C386917ED8FEE00460C13 /* DummyMapViewController.m */; };
		046C387217ED8FEE00460C13 /* DummyMapViewController.xib in Resources */ = {isa = PBXBuildFile; fileRef = 046C386A17ED8FEE00460C13 /* DummyMapViewController.xib */; };
		046C387417ED8FEE00460C13 /* DummyTableViewController.xib in Resources */ = {isa = PBXBuildFile; fileRef = 046C386D17ED8FEE00460C13 /* DummyTableViewController.xib */; };
		046C387617ED8FEE00460C13 /* DummyViewController.xib in Resources */ = {isa = PBXBuildFile; fileRef = 046C387017ED8FEE00460C13 /* DummyViewController.xib */; };
		382C651917ED9CBC006BBCE2 /* MasterViewController.m in Sources */ = {isa = PBXBuildFile; fileRef = 804DA6A017ED65BF00F86495 /* MasterViewController.m */; };
		382C655817EDAA7F006BBCE2 /* AddNewIssueViewController.m in Sources */ = {isa = PBXBuildFile; fileRef = 382C655617EDAA7E006BBCE2 /* AddNewIssueViewController.m */; };
		382C655917EDAA7F006BBCE2 /* AddNewIssueViewController.xib in Resources */ = {isa = PBXBuildFile; fileRef = 382C655717EDAA7E006BBCE2 /* AddNewIssueViewController.xib */; };
		382C655D17EDAD0C006BBCE2 /* LocChooseViewController.m in Sources */ = {isa = PBXBuildFile; fileRef = 382C655B17EDAD0C006BBCE2 /* LocChooseViewController.m */; };
		382C655E17EDAD0C006BBCE2 /* LocChooseViewController.xib in Resources */ = {isa = PBXBuildFile; fileRef = 382C655C17EDAD0C006BBCE2 /* LocChooseViewController.xib */; };
		383FDA8517EDC15100F80046 /* camera-white.png in Resources */ = {isa = PBXBuildFile; fileRef = 383FDA8417EDC15100F80046 /* camera-white.png */; };
		383FDA8B17EDC16A00F80046 /* arrow.png in Resources */ = {isa = PBXBuildFile; fileRef = 383FDA8617EDC16A00F80046 /* arrow.png */; };
		383FDA8C17EDC16A00F80046 /* arrow@2x.png in Resources */ = {isa = PBXBuildFile; fileRef = 383FDA8717EDC16A00F80046 /* arrow@2x.png */; };
		383FDA8D17EDC16A00F80046 /* camera-white.png in Resources */ = {isa = PBXBuildFile; fileRef = 383FDA8817EDC16A00F80046 /* camera-white.png */; };
		383FDA8E17EDC16A00F80046 /* check.png in Resources */ = {isa = PBXBuildFile; fileRef = 383FDA8917EDC16A00F80046 /* check.png */; };
		383FDA8F17EDC16A00F80046 /* check@2x.png in Resources */ = {isa = PBXBuildFile; fileRef = 383FDA8A17EDC16A00F80046 /* check@2x.png */; };
		383FDA9217EDC17700F80046 /* account.png in Resources */ = {isa = PBXBuildFile; fileRef = 383FDA9017EDC17700F80046 /* account.png */; };
		383FDA9317EDC17700F80046 /* account@2x.png in Resources */ = {isa = PBXBuildFile; fileRef = 383FDA9117EDC17700F80046 /* account@2x.png */; };
		383FDA9517EDC18B00F80046 /* cross@2x.png in Resources */ = {isa = PBXBuildFile; fileRef = 383FDA9417EDC18B00F80046 /* cross@2x.png */; };
		383FDA9E17EDC1A400F80046 /* menu.png in Resources */ = {isa = PBXBuildFile; fileRef = 383FDA9617EDC1A400F80046 /* menu.png */; };
		383FDA9F17EDC1A400F80046 /* menu@2x.png in Resources */ = {isa = PBXBuildFile; fileRef = 383FDA9717EDC1A400F80046 /* menu@2x.png */; };
		383FDAA017EDC1A400F80046 /* pin_blue_small.png in Resources */ = {isa = PBXBuildFile; fileRef = 383FDA9817EDC1A400F80046 /* pin_blue_small.png */; };
		383FDAA117EDC1A400F80046 /* pin-black.png in Resources */ = {isa = PBXBuildFile; fileRef = 383FDA9917EDC1A400F80046 /* pin-black.png */; };
		383FDAA217EDC1A400F80046 /* search.png in Resources */ = {isa = PBXBuildFile; fileRef = 383FDA9A17EDC1A400F80046 /* search.png */; };
		383FDAA317EDC1A400F80046 /* search@2x.png in Resources */ = {isa = PBXBuildFile; fileRef = 383FDA9B17EDC1A400F80046 /* search@2x.png */; };
		383FDAA417EDC1A400F80046 /* settings.png in Resources */ = {isa = PBXBuildFile; fileRef = 383FDA9C17EDC1A400F80046 /* settings.png */; };
		383FDAA517EDC1A400F80046 /* settings@2x.png in Resources */ = {isa = PBXBuildFile; fileRef = 383FDA9D17EDC1A400F80046 /* settings@2x.png */; };
		383FDAA717EDC1AC00F80046 /* tag-flat.png in Resources */ = {isa = PBXBuildFile; fileRef = 383FDAA617EDC1AC00F80046 /* tag-flat.png */; };
		383FDAA917EDCF0D00F80046 /* MapKit.framework in Frameworks */ = {isa = PBXBuildFile; fileRef = 383FDAA817EDCF0D00F80046 /* MapKit.framework */; };
		383FDAAB17EDD09700F80046 /* libz.dylib in Frameworks */ = {isa = PBXBuildFile; fileRef = 383FDAAA17EDD09700F80046 /* libz.dylib */; };
		38A7941A17ED6D1E0078F048 /* MapViewController.m in Sources */ = {isa = PBXBuildFile; fileRef = 38A7941817ED6D1E0078F048 /* MapViewController.m */; };
		38A7941B17ED6D1E0078F048 /* MapViewController.xib in Resources */ = {isa = PBXBuildFile; fileRef = 38A7941917ED6D1E0078F048 /* MapViewController.xib */; };
		38A7941D17ED70410078F048 /* ViewController.xib in Resources */ = {isa = PBXBuildFile; fileRef = 38A7941C17ED70410078F048 /* ViewController.xib */; };
		38A7942117ED70EB0078F048 /* LocationGetter.m in Sources */ = {isa = PBXBuildFile; fileRef = 38A7942017ED70EB0078F048 /* LocationGetter.m */; };
		38A7942317ED721F0078F048 /* pin_blue_small.png in Resources */ = {isa = PBXBuildFile; fileRef = 38A7942217ED721F0078F048 /* pin_blue_small.png */; };
		38D51E9B17EDFEF300B7563C /* ViewController.m in Sources */ = {isa = PBXBuildFile; fileRef = 804DA67E17ED54A800F86495 /* ViewController.m */; };
		38FBF79917ED56BD004695DA /* Parse.framework in Frameworks */ = {isa = PBXBuildFile; fileRef = 38FBF79817ED56BD004695DA /* Parse.framework */; };
		38FBF79E17ED6446004695DA /* AudioToolbox.framework in Frameworks */ = {isa = PBXBuildFile; fileRef = 38FBF79D17ED6446004695DA /* AudioToolbox.framework */; };
		38FBF7A017ED644E004695DA /* CFNetwork.framework in Frameworks */ = {isa = PBXBuildFile; fileRef = 38FBF79F17ED644E004695DA /* CFNetwork.framework */; };
		38FBF7A217ED6468004695DA /* CoreLocation.framework in Frameworks */ = {isa = PBXBuildFile; fileRef = 38FBF7A117ED6468004695DA /* CoreLocation.framework */; };
		38FBF7A417ED6476004695DA /* libz.1.1.3.dylib in Frameworks */ = {isa = PBXBuildFile; fileRef = 38FBF7A317ED6476004695DA /* libz.1.1.3.dylib */; };
		38FBF7A617ED6480004695DA /* MobileCoreServices.framework in Frameworks */ = {isa = PBXBuildFile; fileRef = 38FBF7A517ED6480004695DA /* MobileCoreServices.framework */; };
		38FBF7A817ED648A004695DA /* QuartzCore.framework in Frameworks */ = {isa = PBXBuildFile; fileRef = 38FBF7A717ED648A004695DA /* QuartzCore.framework */; };
		38FBF7AA17ED6492004695DA /* Security.framework in Frameworks */ = {isa = PBXBuildFile; fileRef = 38FBF7A917ED6492004695DA /* Security.framework */; };
		38FBF7AC17ED649B004695DA /* StoreKit.framework in Frameworks */ = {isa = PBXBuildFile; fileRef = 38FBF7AB17ED649B004695DA /* StoreKit.framework */; };
		38FBF7AE17ED64A9004695DA /* SystemConfiguration.framework in Frameworks */ = {isa = PBXBuildFile; fileRef = 38FBF7AD17ED64A9004695DA /* SystemConfiguration.framework */; };
		38FBF7B017ED67A2004695DA /* AdSupport.framework in Frameworks */ = {isa = PBXBuildFile; fileRef = 38FBF7AF17ED67A2004695DA /* AdSupport.framework */; settings = {ATTRIBUTES = (Weak, ); }; };
		38FBF7B217ED67A9004695DA /* Social.framework in Frameworks */ = {isa = PBXBuildFile; fileRef = 38FBF7B117ED67A9004695DA /* Social.framework */; settings = {ATTRIBUTES = (Weak, ); }; };
		38FBF7B417ED67B7004695DA /* Accounts.framework in Frameworks */ = {isa = PBXBuildFile; fileRef = 38FBF7B317ED67B7004695DA /* Accounts.framework */; settings = {ATTRIBUTES = (Weak, ); }; };
		38FBF7B617ED68B9004695DA /* libsqlite3.dylib in Frameworks */ = {isa = PBXBuildFile; fileRef = 38FBF7B517ED68B9004695DA /* libsqlite3.dylib */; };
		38FD03DB17EDEB7E0038379D /* FacebookSDK.framework in Frameworks */ = {isa = PBXBuildFile; fileRef = 38FBF79A17ED5A2B004695DA /* FacebookSDK.framework */; };
		5E79FB6C17EDD6CD00430435 /* IssueListViewController.m in Sources */ = {isa = PBXBuildFile; fileRef = 5E79FB6A17EDD6CD00430435 /* IssueListViewController.m */; };
		5E79FB6D17EDD6CD00430435 /* IssueListViewController.xib in Resources */ = {isa = PBXBuildFile; fileRef = 5E79FB6B17EDD6CD00430435 /* IssueListViewController.xib */; };
		5E79FB6E17EDD72A00430435 /* Issue.m in Sources */ = {isa = PBXBuildFile; fileRef = 5EB0A1AB17ED7CB6003E6935 /* Issue.m */; };
		5E79FB6F17EDFAFE00430435 /* IssueViewController.m in Sources */ = {isa = PBXBuildFile; fileRef = 5EB0A1A617ED7C4C003E6935 /* IssueViewController.m */; };
		5E79FB7317EE048100430435 /* AddEmailViewController.m in Sources */ = {isa = PBXBuildFile; fileRef = 5E79FB7117EE048100430435 /* AddEmailViewController.m */; };
		5E79FB7417EE048100430435 /* AddEmailViewController.xib in Resources */ = {isa = PBXBuildFile; fileRef = 5E79FB7217EE048100430435 /* AddEmailViewController.xib */; };
		5EB0A1A317ED70A2003E6935 /* AddIssueViewController.m in Sources */ = {isa = PBXBuildFile; fileRef = 5EB0A1A117ED70A2003E6935 /* AddIssueViewController.m */; };
		5EB0A1A417ED70A2003E6935 /* AddIssueViewController.xib in Resources */ = {isa = PBXBuildFile; fileRef = 5EB0A1A217ED70A2003E6935 /* AddIssueViewController.xib */; };
		5EECC1E617ED8F5600BDDF4E /* DummyMapViewController.xib in Resources */ = {isa = PBXBuildFile; fileRef = 5EECC1D517ED8F5600BDDF4E /* DummyMapViewController.xib */; };
		5EECC1E717ED8F5600BDDF4E /* DummyTableViewController.m in Sources */ = {isa = PBXBuildFile; fileRef = 5EECC1D717ED8F5600BDDF4E /* DummyTableViewController.m */; };
		5EECC1E817ED8F5600BDDF4E /* DummyTableViewController.xib in Resources */ = {isa = PBXBuildFile; fileRef = 5EECC1D817ED8F5600BDDF4E /* DummyTableViewController.xib */; };
		5EECC1E917ED8F5600BDDF4E /* DummyViewController.m in Sources */ = {isa = PBXBuildFile; fileRef = 5EECC1DA17ED8F5600BDDF4E /* DummyViewController.m */; };
		5EECC1EA17ED8F5600BDDF4E /* DummyViewController.xib in Resources */ = {isa = PBXBuildFile; fileRef = 5EECC1DB17ED8F5600BDDF4E /* DummyViewController.xib */; };
		5EECC1EB17ED8F5600BDDF4E /* InfoPlist.strings in Resources */ = {isa = PBXBuildFile; fileRef = 5EECC1DD17ED8F5600BDDF4E /* InfoPlist.strings */; };
		5EECC1ED17ED8F5600BDDF4E /* IssueViewController.xib in Resources */ = {isa = PBXBuildFile; fileRef = 5EECC1E017ED8F5600BDDF4E /* IssueViewController.xib */; };
		5EECC1EE17ED8F5600BDDF4E /* UIViewController+Container.m in Sources */ = {isa = PBXBuildFile; fileRef = 5EECC1E217ED8F5600BDDF4E /* UIViewController+Container.m */; };
		5EECC1EF17ED8F5600BDDF4E /* UIViewController+MasterContainer.m in Sources */ = {isa = PBXBuildFile; fileRef = 5EECC1E417ED8F5600BDDF4E /* UIViewController+MasterContainer.m */; };
		804DA66917ED54A800F86495 /* Foundation.framework in Frameworks */ = {isa = PBXBuildFile; fileRef = 804DA66817ED54A800F86495 /* Foundation.framework */; };
		804DA66B17ED54A800F86495 /* CoreGraphics.framework in Frameworks */ = {isa = PBXBuildFile; fileRef = 804DA66A17ED54A800F86495 /* CoreGraphics.framework */; };
		804DA66D17ED54A800F86495 /* UIKit.framework in Frameworks */ = {isa = PBXBuildFile; fileRef = 804DA66C17ED54A800F86495 /* UIKit.framework */; };
		804DA67317ED54A800F86495 /* InfoPlist.strings in Resources */ = {isa = PBXBuildFile; fileRef = 804DA67117ED54A800F86495 /* InfoPlist.strings */; };
		804DA67517ED54A800F86495 /* main.m in Sources */ = {isa = PBXBuildFile; fileRef = 804DA67417ED54A800F86495 /* main.m */; };
		804DA67917ED54A800F86495 /* AppDelegate.m in Sources */ = {isa = PBXBuildFile; fileRef = 804DA67817ED54A800F86495 /* AppDelegate.m */; };
		804DA68117ED54A800F86495 /* Images.xcassets in Resources */ = {isa = PBXBuildFile; fileRef = 804DA68017ED54A800F86495 /* Images.xcassets */; };
		804DA68817ED54A800F86495 /* XCTest.framework in Frameworks */ = {isa = PBXBuildFile; fileRef = 804DA68717ED54A800F86495 /* XCTest.framework */; };
		804DA68917ED54A800F86495 /* Foundation.framework in Frameworks */ = {isa = PBXBuildFile; fileRef = 804DA66817ED54A800F86495 /* Foundation.framework */; };
		804DA68A17ED54A800F86495 /* UIKit.framework in Frameworks */ = {isa = PBXBuildFile; fileRef = 804DA66C17ED54A800F86495 /* UIKit.framework */; };
		804DA69217ED54A800F86495 /* InfoPlist.strings in Resources */ = {isa = PBXBuildFile; fileRef = 804DA69017ED54A800F86495 /* InfoPlist.strings */; };
		804DA69417ED54A800F86495 /* SoapBoxTests.m in Sources */ = {isa = PBXBuildFile; fileRef = 804DA69317ED54A800F86495 /* SoapBoxTests.m */; };
		804DA6A317ED65BF00F86495 /* MasterViewController.xib in Resources */ = {isa = PBXBuildFile; fileRef = 804DA6A117ED65BF00F86495 /* MasterViewController.xib */; };
		804DA6BC17ED8AA100F86495 /* MainMenuViewController.xib in Resources */ = {isa = PBXBuildFile; fileRef = 804DA6BB17ED8AA100F86495 /* MainMenuViewController.xib */; };
/* End PBXBuildFile section */

/* Begin PBXContainerItemProxy section */
		804DA68B17ED54A800F86495 /* PBXContainerItemProxy */ = {
			isa = PBXContainerItemProxy;
			containerPortal = 804DA65D17ED54A800F86495 /* Project object */;
			proxyType = 1;
			remoteGlobalIDString = 804DA66417ED54A800F86495;
			remoteInfo = SoapBox;
		};
/* End PBXContainerItemProxy section */

/* Begin PBXFileReference section */
		0403EFEA17EDBF9E00696605 /* soapbox.png */ = {isa = PBXFileReference; lastKnownFileType = image.png; path = soapbox.png; sourceTree = "<group>"; };
		0403EFFB17EE299700696605 /* backgroundPattern.png */ = {isa = PBXFileReference; lastKnownFileType = image.png; path = backgroundPattern.png; sourceTree = "<group>"; };
		045AA87B17EE4CD8006499F5 /* CustomCell.h */ = {isa = PBXFileReference; fileEncoding = 4; lastKnownFileType = sourcecode.c.h; path = CustomCell.h; sourceTree = "<group>"; };
		045AA87C17EE4CD8006499F5 /* CustomCell.m */ = {isa = PBXFileReference; fileEncoding = 4; lastKnownFileType = sourcecode.c.objc; path = CustomCell.m; sourceTree = "<group>"; };
		045AA87D17EE4CD8006499F5 /* CustomCell.xib */ = {isa = PBXFileReference; fileEncoding = 4; lastKnownFileType = file.xib; path = CustomCell.xib; sourceTree = "<group>"; };
		045AA88017EE583D006499F5 /* SECRCODE.TTF */ = {isa = PBXFileReference; lastKnownFileType = file; name = SECRCODE.TTF; path = ../SECRCODE.TTF; sourceTree = "<group>"; };
		046C385D17ED802200460C13 /* MainMenuViewController.h */ = {isa = PBXFileReference; fileEncoding = 4; lastKnownFileType = sourcecode.c.h; path = MainMenuViewController.h; sourceTree = "<group>"; };
		046C385E17ED802200460C13 /* MainMenuViewController.m */ = {isa = PBXFileReference; fileEncoding = 4; lastKnownFileType = sourcecode.c.objc; path = MainMenuViewController.m; sourceTree = "<group>"; };
		046C386617ED8ADF00460C13 /* MainMenuViewController.xib */ = {isa = PBXFileReference; fileEncoding = 4; lastKnownFileType = file.xib; path = MainMenuViewController.xib; sourceTree = "<group>"; };
		046C386817ED8FEE00460C13 /* DummyMapViewController.h */ = {isa = PBXFileReference; fileEncoding = 4; lastKnownFileType = sourcecode.c.h; path = DummyMapViewController.h; sourceTree = "<group>"; };
		046C386917ED8FEE00460C13 /* DummyMapViewController.m */ = {isa = PBXFileReference; fileEncoding = 4; lastKnownFileType = sourcecode.c.objc; path = DummyMapViewController.m; sourceTree = "<group>"; };
		046C386A17ED8FEE00460C13 /* DummyMapViewController.xib */ = {isa = PBXFileReference; fileEncoding = 4; lastKnownFileType = file.xib; path = DummyMapViewController.xib; sourceTree = "<group>"; };
		046C386B17ED8FEE00460C13 /* DummyTableViewController.h */ = {isa = PBXFileReference; fileEncoding = 4; lastKnownFileType = sourcecode.c.h; path = DummyTableViewController.h; sourceTree = "<group>"; };
		046C386C17ED8FEE00460C13 /* DummyTableViewController.m */ = {isa = PBXFileReference; fileEncoding = 4; lastKnownFileType = sourcecode.c.objc; path = DummyTableViewController.m; sourceTree = "<group>"; };
		046C386D17ED8FEE00460C13 /* DummyTableViewController.xib */ = {isa = PBXFileReference; fileEncoding = 4; lastKnownFileType = file.xib; path = DummyTableViewController.xib; sourceTree = "<group>"; };
		046C386E17ED8FEE00460C13 /* DummyViewController.h */ = {isa = PBXFileReference; fileEncoding = 4; lastKnownFileType = sourcecode.c.h; path = DummyViewController.h; sourceTree = "<group>"; };
		046C386F17ED8FEE00460C13 /* DummyViewController.m */ = {isa = PBXFileReference; fileEncoding = 4; lastKnownFileType = sourcecode.c.objc; path = DummyViewController.m; sourceTree = "<group>"; };
		046C387017ED8FEE00460C13 /* DummyViewController.xib */ = {isa = PBXFileReference; fileEncoding = 4; lastKnownFileType = file.xib; path = DummyViewController.xib; sourceTree = "<group>"; };
		382C655517EDAA7E006BBCE2 /* AddNewIssueViewController.h */ = {isa = PBXFileReference; fileEncoding = 4; lastKnownFileType = sourcecode.c.h; path = AddNewIssueViewController.h; sourceTree = "<group>"; };
		382C655617EDAA7E006BBCE2 /* AddNewIssueViewController.m */ = {isa = PBXFileReference; fileEncoding = 4; lastKnownFileType = sourcecode.c.objc; path = AddNewIssueViewController.m; sourceTree = "<group>"; };
		382C655717EDAA7E006BBCE2 /* AddNewIssueViewController.xib */ = {isa = PBXFileReference; fileEncoding = 4; lastKnownFileType = file.xib; path = AddNewIssueViewController.xib; sourceTree = "<group>"; };
		382C655A17EDAD0C006BBCE2 /* LocChooseViewController.h */ = {isa = PBXFileReference; fileEncoding = 4; lastKnownFileType = sourcecode.c.h; path = LocChooseViewController.h; sourceTree = "<group>"; };
		382C655B17EDAD0C006BBCE2 /* LocChooseViewController.m */ = {isa = PBXFileReference; fileEncoding = 4; lastKnownFileType = sourcecode.c.objc; path = LocChooseViewController.m; sourceTree = "<group>"; };
		382C655C17EDAD0C006BBCE2 /* LocChooseViewController.xib */ = {isa = PBXFileReference; fileEncoding = 4; lastKnownFileType = file.xib; path = LocChooseViewController.xib; sourceTree = "<group>"; };
		382C655F17EDAE11006BBCE2 /* Constant.h */ = {isa = PBXFileReference; lastKnownFileType = sourcecode.c.h; path = Constant.h; sourceTree = "<group>"; };
		383FDA8417EDC15100F80046 /* camera-white.png */ = {isa = PBXFileReference; lastKnownFileType = image.png; path = "camera-white.png"; sourceTree = "<group>"; };
		383FDA8617EDC16A00F80046 /* arrow.png */ = {isa = PBXFileReference; lastKnownFileType = image.png; path = arrow.png; sourceTree = "<group>"; };
		383FDA8717EDC16A00F80046 /* arrow@2x.png */ = {isa = PBXFileReference; lastKnownFileType = image.png; path = "arrow@2x.png"; sourceTree = "<group>"; };
		383FDA8817EDC16A00F80046 /* camera-white.png */ = {isa = PBXFileReference; lastKnownFileType = image.png; path = "camera-white.png"; sourceTree = "<group>"; };
		383FDA8917EDC16A00F80046 /* check.png */ = {isa = PBXFileReference; lastKnownFileType = image.png; path = check.png; sourceTree = "<group>"; };
		383FDA8A17EDC16A00F80046 /* check@2x.png */ = {isa = PBXFileReference; lastKnownFileType = image.png; path = "check@2x.png"; sourceTree = "<group>"; };
		383FDA9017EDC17700F80046 /* account.png */ = {isa = PBXFileReference; lastKnownFileType = image.png; path = account.png; sourceTree = "<group>"; };
		383FDA9117EDC17700F80046 /* account@2x.png */ = {isa = PBXFileReference; lastKnownFileType = image.png; path = "account@2x.png"; sourceTree = "<group>"; };
		383FDA9417EDC18B00F80046 /* cross@2x.png */ = {isa = PBXFileReference; lastKnownFileType = image.png; path = "cross@2x.png"; sourceTree = "<group>"; };
		383FDA9617EDC1A400F80046 /* menu.png */ = {isa = PBXFileReference; lastKnownFileType = image.png; path = menu.png; sourceTree = "<group>"; };
		383FDA9717EDC1A400F80046 /* menu@2x.png */ = {isa = PBXFileReference; lastKnownFileType = image.png; path = "menu@2x.png"; sourceTree = "<group>"; };
		383FDA9817EDC1A400F80046 /* pin_blue_small.png */ = {isa = PBXFileReference; lastKnownFileType = image.png; path = pin_blue_small.png; sourceTree = "<group>"; };
		383FDA9917EDC1A400F80046 /* pin-black.png */ = {isa = PBXFileReference; lastKnownFileType = image.png; path = "pin-black.png"; sourceTree = "<group>"; };
		383FDA9A17EDC1A400F80046 /* search.png */ = {isa = PBXFileReference; lastKnownFileType = image.png; path = search.png; sourceTree = "<group>"; };
		383FDA9B17EDC1A400F80046 /* search@2x.png */ = {isa = PBXFileReference; lastKnownFileType = image.png; path = "search@2x.png"; sourceTree = "<group>"; };
		383FDA9C17EDC1A400F80046 /* settings.png */ = {isa = PBXFileReference; lastKnownFileType = image.png; path = settings.png; sourceTree = "<group>"; };
		383FDA9D17EDC1A400F80046 /* settings@2x.png */ = {isa = PBXFileReference; lastKnownFileType = image.png; path = "settings@2x.png"; sourceTree = "<group>"; };
		383FDAA617EDC1AC00F80046 /* tag-flat.png */ = {isa = PBXFileReference; lastKnownFileType = image.png; path = "tag-flat.png"; sourceTree = "<group>"; };
		383FDAA817EDCF0D00F80046 /* MapKit.framework */ = {isa = PBXFileReference; lastKnownFileType = wrapper.framework; name = MapKit.framework; path = System/Library/Frameworks/MapKit.framework; sourceTree = SDKROOT; };
		383FDAAA17EDD09700F80046 /* libz.dylib */ = {isa = PBXFileReference; lastKnownFileType = "compiled.mach-o.dylib"; name = libz.dylib; path = usr/lib/libz.dylib; sourceTree = SDKROOT; };
		38A7941717ED6D1E0078F048 /* MapViewController.h */ = {isa = PBXFileReference; fileEncoding = 4; lastKnownFileType = sourcecode.c.h; path = MapViewController.h; sourceTree = "<group>"; };
		38A7941817ED6D1E0078F048 /* MapViewController.m */ = {isa = PBXFileReference; fileEncoding = 4; lastKnownFileType = sourcecode.c.objc; path = MapViewController.m; sourceTree = "<group>"; };
		38A7941917ED6D1E0078F048 /* MapViewController.xib */ = {isa = PBXFileReference; fileEncoding = 4; lastKnownFileType = file.xib; path = MapViewController.xib; sourceTree = "<group>"; };
		38A7941C17ED70410078F048 /* ViewController.xib */ = {isa = PBXFileReference; fileEncoding = 4; lastKnownFileType = file.xib; path = ViewController.xib; sourceTree = "<group>"; };
		38A7941F17ED70EB0078F048 /* LocationGetter.h */ = {isa = PBXFileReference; fileEncoding = 4; lastKnownFileType = sourcecode.c.h; path = LocationGetter.h; sourceTree = "<group>"; };
		38A7942017ED70EB0078F048 /* LocationGetter.m */ = {isa = PBXFileReference; fileEncoding = 4; lastKnownFileType = sourcecode.c.objc; path = LocationGetter.m; sourceTree = "<group>"; };
		38A7942217ED721F0078F048 /* pin_blue_small.png */ = {isa = PBXFileReference; lastKnownFileType = image.png; path = pin_blue_small.png; sourceTree = "<group>"; };
		38FBF79817ED56BD004695DA /* Parse.framework */ = {isa = PBXFileReference; lastKnownFileType = wrapper.framework; path = Parse.framework; sourceTree = "<group>"; };
		38FBF79A17ED5A2B004695DA /* FacebookSDK.framework */ = {isa = PBXFileReference; lastKnownFileType = wrapper.framework; path = FacebookSDK.framework; sourceTree = "<group>"; };
		38FBF79D17ED6446004695DA /* AudioToolbox.framework */ = {isa = PBXFileReference; lastKnownFileType = wrapper.framework; name = AudioToolbox.framework; path = System/Library/Frameworks/AudioToolbox.framework; sourceTree = SDKROOT; };
		38FBF79F17ED644E004695DA /* CFNetwork.framework */ = {isa = PBXFileReference; lastKnownFileType = wrapper.framework; name = CFNetwork.framework; path = System/Library/Frameworks/CFNetwork.framework; sourceTree = SDKROOT; };
		38FBF7A117ED6468004695DA /* CoreLocation.framework */ = {isa = PBXFileReference; lastKnownFileType = wrapper.framework; name = CoreLocation.framework; path = System/Library/Frameworks/CoreLocation.framework; sourceTree = SDKROOT; };
		38FBF7A317ED6476004695DA /* libz.1.1.3.dylib */ = {isa = PBXFileReference; lastKnownFileType = "compiled.mach-o.dylib"; name = libz.1.1.3.dylib; path = usr/lib/libz.1.1.3.dylib; sourceTree = SDKROOT; };
		38FBF7A517ED6480004695DA /* MobileCoreServices.framework */ = {isa = PBXFileReference; lastKnownFileType = wrapper.framework; name = MobileCoreServices.framework; path = System/Library/Frameworks/MobileCoreServices.framework; sourceTree = SDKROOT; };
		38FBF7A717ED648A004695DA /* QuartzCore.framework */ = {isa = PBXFileReference; lastKnownFileType = wrapper.framework; name = QuartzCore.framework; path = System/Library/Frameworks/QuartzCore.framework; sourceTree = SDKROOT; };
		38FBF7A917ED6492004695DA /* Security.framework */ = {isa = PBXFileReference; lastKnownFileType = wrapper.framework; name = Security.framework; path = System/Library/Frameworks/Security.framework; sourceTree = SDKROOT; };
		38FBF7AB17ED649B004695DA /* StoreKit.framework */ = {isa = PBXFileReference; lastKnownFileType = wrapper.framework; name = StoreKit.framework; path = System/Library/Frameworks/StoreKit.framework; sourceTree = SDKROOT; };
		38FBF7AD17ED64A9004695DA /* SystemConfiguration.framework */ = {isa = PBXFileReference; lastKnownFileType = wrapper.framework; name = SystemConfiguration.framework; path = System/Library/Frameworks/SystemConfiguration.framework; sourceTree = SDKROOT; };
		38FBF7AF17ED67A2004695DA /* AdSupport.framework */ = {isa = PBXFileReference; lastKnownFileType = wrapper.framework; name = AdSupport.framework; path = System/Library/Frameworks/AdSupport.framework; sourceTree = SDKROOT; };
		38FBF7B117ED67A9004695DA /* Social.framework */ = {isa = PBXFileReference; lastKnownFileType = wrapper.framework; name = Social.framework; path = System/Library/Frameworks/Social.framework; sourceTree = SDKROOT; };
		38FBF7B317ED67B7004695DA /* Accounts.framework */ = {isa = PBXFileReference; lastKnownFileType = wrapper.framework; name = Accounts.framework; path = System/Library/Frameworks/Accounts.framework; sourceTree = SDKROOT; };
		38FBF7B517ED68B9004695DA /* libsqlite3.dylib */ = {isa = PBXFileReference; lastKnownFileType = "compiled.mach-o.dylib"; name = libsqlite3.dylib; path = usr/lib/libsqlite3.dylib; sourceTree = SDKROOT; };
		5E79FB6917EDD6CD00430435 /* IssueListViewController.h */ = {isa = PBXFileReference; fileEncoding = 4; lastKnownFileType = sourcecode.c.h; path = IssueListViewController.h; sourceTree = "<group>"; };
		5E79FB6A17EDD6CD00430435 /* IssueListViewController.m */ = {isa = PBXFileReference; fileEncoding = 4; lastKnownFileType = sourcecode.c.objc; path = IssueListViewController.m; sourceTree = "<group>"; };
		5E79FB6B17EDD6CD00430435 /* IssueListViewController.xib */ = {isa = PBXFileReference; fileEncoding = 4; lastKnownFileType = file.xib; path = IssueListViewController.xib; sourceTree = "<group>"; };
		5E79FB7017EE048100430435 /* AddEmailViewController.h */ = {isa = PBXFileReference; fileEncoding = 4; lastKnownFileType = sourcecode.c.h; path = AddEmailViewController.h; sourceTree = "<group>"; };
		5E79FB7117EE048100430435 /* AddEmailViewController.m */ = {isa = PBXFileReference; fileEncoding = 4; lastKnownFileType = sourcecode.c.objc; path = AddEmailViewController.m; sourceTree = "<group>"; };
		5E79FB7217EE048100430435 /* AddEmailViewController.xib */ = {isa = PBXFileReference; fileEncoding = 4; lastKnownFileType = file.xib; path = AddEmailViewController.xib; sourceTree = "<group>"; };
		5EB0A1A017ED70A2003E6935 /* AddIssueViewController.h */ = {isa = PBXFileReference; fileEncoding = 4; lastKnownFileType = sourcecode.c.h; path = AddIssueViewController.h; sourceTree = "<group>"; };
		5EB0A1A117ED70A2003E6935 /* AddIssueViewController.m */ = {isa = PBXFileReference; fileEncoding = 4; lastKnownFileType = sourcecode.c.objc; path = AddIssueViewController.m; sourceTree = "<group>"; };
		5EB0A1A217ED70A2003E6935 /* AddIssueViewController.xib */ = {isa = PBXFileReference; fileEncoding = 4; lastKnownFileType = file.xib; path = AddIssueViewController.xib; sourceTree = "<group>"; };
		5EB0A1A517ED7C4C003E6935 /* IssueViewController.h */ = {isa = PBXFileReference; fileEncoding = 4; lastKnownFileType = sourcecode.c.h; path = IssueViewController.h; sourceTree = "<group>"; };
		5EB0A1A617ED7C4C003E6935 /* IssueViewController.m */ = {isa = PBXFileReference; fileEncoding = 4; lastKnownFileType = sourcecode.c.objc; path = IssueViewController.m; sourceTree = "<group>"; };
		5EB0A1AA17ED7CB6003E6935 /* Issue.h */ = {isa = PBXFileReference; fileEncoding = 4; lastKnownFileType = sourcecode.c.h; path = Issue.h; sourceTree = "<group>"; };
		5EB0A1AB17ED7CB6003E6935 /* Issue.m */ = {isa = PBXFileReference; fileEncoding = 4; lastKnownFileType = sourcecode.c.objc; path = Issue.m; sourceTree = "<group>"; };
		5EECC1D317ED8F5600BDDF4E /* DummyMapViewController.h */ = {isa = PBXFileReference; fileEncoding = 4; lastKnownFileType = sourcecode.c.h; path = DummyMapViewController.h; sourceTree = "<group>"; };
		5EECC1D417ED8F5600BDDF4E /* DummyMapViewController.m */ = {isa = PBXFileReference; fileEncoding = 4; lastKnownFileType = sourcecode.c.objc; path = DummyMapViewController.m; sourceTree = "<group>"; };
		5EECC1D517ED8F5600BDDF4E /* DummyMapViewController.xib */ = {isa = PBXFileReference; fileEncoding = 4; lastKnownFileType = file.xib; path = DummyMapViewController.xib; sourceTree = "<group>"; };
		5EECC1D617ED8F5600BDDF4E /* DummyTableViewController.h */ = {isa = PBXFileReference; fileEncoding = 4; lastKnownFileType = sourcecode.c.h; path = DummyTableViewController.h; sourceTree = "<group>"; };
		5EECC1D717ED8F5600BDDF4E /* DummyTableViewController.m */ = {isa = PBXFileReference; fileEncoding = 4; lastKnownFileType = sourcecode.c.objc; path = DummyTableViewController.m; sourceTree = "<group>"; };
		5EECC1D817ED8F5600BDDF4E /* DummyTableViewController.xib */ = {isa = PBXFileReference; fileEncoding = 4; lastKnownFileType = file.xib; path = DummyTableViewController.xib; sourceTree = "<group>"; };
		5EECC1D917ED8F5600BDDF4E /* DummyViewController.h */ = {isa = PBXFileReference; fileEncoding = 4; lastKnownFileType = sourcecode.c.h; path = DummyViewController.h; sourceTree = "<group>"; };
		5EECC1DA17ED8F5600BDDF4E /* DummyViewController.m */ = {isa = PBXFileReference; fileEncoding = 4; lastKnownFileType = sourcecode.c.objc; path = DummyViewController.m; sourceTree = "<group>"; };
		5EECC1DB17ED8F5600BDDF4E /* DummyViewController.xib */ = {isa = PBXFileReference; fileEncoding = 4; lastKnownFileType = file.xib; path = DummyViewController.xib; sourceTree = "<group>"; };
		5EECC1DE17ED8F5600BDDF4E /* en */ = {isa = PBXFileReference; lastKnownFileType = text.plist.strings; name = en; path = InfoPlist.strings; sourceTree = "<group>"; };
		5EECC1E017ED8F5600BDDF4E /* IssueViewController.xib */ = {isa = PBXFileReference; fileEncoding = 4; lastKnownFileType = file.xib; path = IssueViewController.xib; sourceTree = "<group>"; };
		5EECC1E117ED8F5600BDDF4E /* UIViewController+Container.h */ = {isa = PBXFileReference; fileEncoding = 4; lastKnownFileType = sourcecode.c.h; path = "UIViewController+Container.h"; sourceTree = "<group>"; };
		5EECC1E217ED8F5600BDDF4E /* UIViewController+Container.m */ = {isa = PBXFileReference; fileEncoding = 4; lastKnownFileType = sourcecode.c.objc; path = "UIViewController+Container.m"; sourceTree = "<group>"; };
		5EECC1E317ED8F5600BDDF4E /* UIViewController+MasterContainer.h */ = {isa = PBXFileReference; fileEncoding = 4; lastKnownFileType = sourcecode.c.h; path = "UIViewController+MasterContainer.h"; sourceTree = "<group>"; };
		5EECC1E417ED8F5600BDDF4E /* UIViewController+MasterContainer.m */ = {isa = PBXFileReference; fileEncoding = 4; lastKnownFileType = sourcecode.c.objc; path = "UIViewController+MasterContainer.m"; sourceTree = "<group>"; };
		804DA66517ED54A800F86495 /* SoapBox.app */ = {isa = PBXFileReference; explicitFileType = wrapper.application; includeInIndex = 0; path = SoapBox.app; sourceTree = BUILT_PRODUCTS_DIR; };
		804DA66817ED54A800F86495 /* Foundation.framework */ = {isa = PBXFileReference; lastKnownFileType = wrapper.framework; name = Foundation.framework; path = System/Library/Frameworks/Foundation.framework; sourceTree = SDKROOT; };
		804DA66A17ED54A800F86495 /* CoreGraphics.framework */ = {isa = PBXFileReference; lastKnownFileType = wrapper.framework; name = CoreGraphics.framework; path = System/Library/Frameworks/CoreGraphics.framework; sourceTree = SDKROOT; };
		804DA66C17ED54A800F86495 /* UIKit.framework */ = {isa = PBXFileReference; lastKnownFileType = wrapper.framework; name = UIKit.framework; path = System/Library/Frameworks/UIKit.framework; sourceTree = SDKROOT; };
		804DA67017ED54A800F86495 /* SoapBox-Info.plist */ = {isa = PBXFileReference; lastKnownFileType = text.plist.xml; path = "SoapBox-Info.plist"; sourceTree = "<group>"; };
		804DA67217ED54A800F86495 /* en */ = {isa = PBXFileReference; lastKnownFileType = text.plist.strings; name = en; path = en.lproj/InfoPlist.strings; sourceTree = "<group>"; };
		804DA67417ED54A800F86495 /* main.m */ = {isa = PBXFileReference; lastKnownFileType = sourcecode.c.objc; path = main.m; sourceTree = "<group>"; };
		804DA67617ED54A800F86495 /* SoapBox-Prefix.pch */ = {isa = PBXFileReference; lastKnownFileType = sourcecode.c.h; path = "SoapBox-Prefix.pch"; sourceTree = "<group>"; };
		804DA67717ED54A800F86495 /* AppDelegate.h */ = {isa = PBXFileReference; lastKnownFileType = sourcecode.c.h; path = AppDelegate.h; sourceTree = "<group>"; };
		804DA67817ED54A800F86495 /* AppDelegate.m */ = {isa = PBXFileReference; lastKnownFileType = sourcecode.c.objc; path = AppDelegate.m; sourceTree = "<group>"; };
		804DA67D17ED54A800F86495 /* ViewController.h */ = {isa = PBXFileReference; lastKnownFileType = sourcecode.c.h; path = ViewController.h; sourceTree = "<group>"; };
		804DA67E17ED54A800F86495 /* ViewController.m */ = {isa = PBXFileReference; lastKnownFileType = sourcecode.c.objc; path = ViewController.m; sourceTree = "<group>"; };
		804DA68017ED54A800F86495 /* Images.xcassets */ = {isa = PBXFileReference; lastKnownFileType = folder.assetcatalog; path = Images.xcassets; sourceTree = "<group>"; };
		804DA68617ED54A800F86495 /* SoapBoxTests.xctest */ = {isa = PBXFileReference; explicitFileType = wrapper.cfbundle; includeInIndex = 0; path = SoapBoxTests.xctest; sourceTree = BUILT_PRODUCTS_DIR; };
		804DA68717ED54A800F86495 /* XCTest.framework */ = {isa = PBXFileReference; lastKnownFileType = wrapper.framework; name = XCTest.framework; path = Library/Frameworks/XCTest.framework; sourceTree = DEVELOPER_DIR; };
		804DA68F17ED54A800F86495 /* SoapBoxTests-Info.plist */ = {isa = PBXFileReference; lastKnownFileType = text.plist.xml; path = "SoapBoxTests-Info.plist"; sourceTree = "<group>"; };
		804DA69117ED54A800F86495 /* en */ = {isa = PBXFileReference; lastKnownFileType = text.plist.strings; name = en; path = en.lproj/InfoPlist.strings; sourceTree = "<group>"; };
		804DA69317ED54A800F86495 /* SoapBoxTests.m */ = {isa = PBXFileReference; lastKnownFileType = sourcecode.c.objc; path = SoapBoxTests.m; sourceTree = "<group>"; };
		804DA69F17ED65BF00F86495 /* MasterViewController.h */ = {isa = PBXFileReference; fileEncoding = 4; lastKnownFileType = sourcecode.c.h; path = MasterViewController.h; sourceTree = "<group>"; };
		804DA6A017ED65BF00F86495 /* MasterViewController.m */ = {isa = PBXFileReference; fileEncoding = 4; lastKnownFileType = sourcecode.c.objc; path = MasterViewController.m; sourceTree = "<group>"; };
		804DA6A117ED65BF00F86495 /* MasterViewController.xib */ = {isa = PBXFileReference; fileEncoding = 4; lastKnownFileType = file.xib; path = MasterViewController.xib; sourceTree = "<group>"; };
		804DA6B917ED886900F86495 /* FacebookSDK */ = {isa = PBXFileReference; lastKnownFileType = archive.ar; name = FacebookSDK; path = FacebookSDK.framework/Versions/A/FacebookSDK; sourceTree = "<group>"; };
		804DA6BB17ED8AA100F86495 /* MainMenuViewController.xib */ = {isa = PBXFileReference; fileEncoding = 4; lastKnownFileType = file.xib; path = MainMenuViewController.xib; sourceTree = "<group>"; };
/* End PBXFileReference section */

/* Begin PBXFrameworksBuildPhase section */
		804DA66217ED54A800F86495 /* Frameworks */ = {
			isa = PBXFrameworksBuildPhase;
			buildActionMask = 2147483647;
			files = (
				38FD03DB17EDEB7E0038379D /* FacebookSDK.framework in Frameworks */,
				38FBF79917ED56BD004695DA /* Parse.framework in Frameworks */,
				383FDAAB17EDD09700F80046 /* libz.dylib in Frameworks */,
				38FBF7A617ED6480004695DA /* MobileCoreServices.framework in Frameworks */,
				383FDAA917EDCF0D00F80046 /* MapKit.framework in Frameworks */,
				38FBF7B217ED67A9004695DA /* Social.framework in Frameworks */,
				38FBF7B617ED68B9004695DA /* libsqlite3.dylib in Frameworks */,
				38FBF7B417ED67B7004695DA /* Accounts.framework in Frameworks */,
				38FBF7B017ED67A2004695DA /* AdSupport.framework in Frameworks */,
				38FBF7AE17ED64A9004695DA /* SystemConfiguration.framework in Frameworks */,
				38FBF7AC17ED649B004695DA /* StoreKit.framework in Frameworks */,
				38FBF7AA17ED6492004695DA /* Security.framework in Frameworks */,
				38FBF7A817ED648A004695DA /* QuartzCore.framework in Frameworks */,
				38FBF7A417ED6476004695DA /* libz.1.1.3.dylib in Frameworks */,
				38FBF7A217ED6468004695DA /* CoreLocation.framework in Frameworks */,
				804DA66B17ED54A800F86495 /* CoreGraphics.framework in Frameworks */,
				38FBF7A017ED644E004695DA /* CFNetwork.framework in Frameworks */,
				38FBF79E17ED6446004695DA /* AudioToolbox.framework in Frameworks */,
				804DA66D17ED54A800F86495 /* UIKit.framework in Frameworks */,
				804DA66917ED54A800F86495 /* Foundation.framework in Frameworks */,
			);
			runOnlyForDeploymentPostprocessing = 0;
		};
		804DA68317ED54A800F86495 /* Frameworks */ = {
			isa = PBXFrameworksBuildPhase;
			buildActionMask = 2147483647;
			files = (
				804DA68817ED54A800F86495 /* XCTest.framework in Frameworks */,
				804DA68A17ED54A800F86495 /* UIKit.framework in Frameworks */,
				804DA68917ED54A800F86495 /* Foundation.framework in Frameworks */,
			);
			runOnlyForDeploymentPostprocessing = 0;
		};
/* End PBXFrameworksBuildPhase section */

/* Begin PBXGroup section */
		38A7941E17ED70930078F048 /* icons */ = {
			isa = PBXGroup;
			children = (
				045AA88017EE583D006499F5 /* SECRCODE.TTF */,
				383FDAA617EDC1AC00F80046 /* tag-flat.png */,
				383FDA9617EDC1A400F80046 /* menu.png */,
				383FDA9717EDC1A400F80046 /* menu@2x.png */,
				0403EFFB17EE299700696605 /* backgroundPattern.png */,
				383FDA9817EDC1A400F80046 /* pin_blue_small.png */,
				383FDA9917EDC1A400F80046 /* pin-black.png */,
				383FDA9A17EDC1A400F80046 /* search.png */,
				383FDA9B17EDC1A400F80046 /* search@2x.png */,
				383FDA9C17EDC1A400F80046 /* settings.png */,
				383FDA9D17EDC1A400F80046 /* settings@2x.png */,
				383FDA9417EDC18B00F80046 /* cross@2x.png */,
				383FDA9017EDC17700F80046 /* account.png */,
				383FDA9117EDC17700F80046 /* account@2x.png */,
				383FDA8617EDC16A00F80046 /* arrow.png */,
				383FDA8717EDC16A00F80046 /* arrow@2x.png */,
				383FDA8817EDC16A00F80046 /* camera-white.png */,
				383FDA8917EDC16A00F80046 /* check.png */,
				383FDA8A17EDC16A00F80046 /* check@2x.png */,
				383FDA8417EDC15100F80046 /* camera-white.png */,
				0403EFEA17EDBF9E00696605 /* soapbox.png */,
				38A7942217ED721F0078F048 /* pin_blue_small.png */,
			);
			name = icons;
			path = SoapBox;
			sourceTree = "<group>";
		};
		38A7942417ED745F0078F048 /* View Controllers */ = {
			isa = PBXGroup;
			children = (
				804DA67D17ED54A800F86495 /* ViewController.h */,
				804DA67E17ED54A800F86495 /* ViewController.m */,
				38A7941717ED6D1E0078F048 /* MapViewController.h */,
				38A7941817ED6D1E0078F048 /* MapViewController.m */,
				804DA69F17ED65BF00F86495 /* MasterViewController.h */,
				804DA6A017ED65BF00F86495 /* MasterViewController.m */,
			);
			name = "View Controllers";
			sourceTree = "<group>";
		};
		38A7942517ED74CC0078F048 /* Objects */ = {
			isa = PBXGroup;
			children = (
				38A7941F17ED70EB0078F048 /* LocationGetter.h */,
				38A7942017ED70EB0078F048 /* LocationGetter.m */,
			);
			name = Objects;
			sourceTree = "<group>";
		};
		38FBF79C17ED6285004695DA /* XIBS */ = {
			isa = PBXGroup;
			children = (
				046C386617ED8ADF00460C13 /* MainMenuViewController.xib */,
				804DA6A117ED65BF00F86495 /* MasterViewController.xib */,
				804DA6A117ED65BF00F86495 /* MasterViewController.xib */,
				5EB0A1A217ED70A2003E6935 /* AddIssueViewController.xib */,
				5E79FB6B17EDD6CD00430435 /* IssueListViewController.xib */,
				38A7941C17ED70410078F048 /* ViewController.xib */,
				38A7941917ED6D1E0078F048 /* MapViewController.xib */,
				804DA6BB17ED8AA100F86495 /* MainMenuViewController.xib */,
				045AA87D17EE4CD8006499F5 /* CustomCell.xib */,
			);
			name = XIBS;
			sourceTree = "<group>";
		};
		5EECC1DC17ED8F5600BDDF4E /* en.lproj */ = {
			isa = PBXGroup;
			children = (
				5EECC1DD17ED8F5600BDDF4E /* InfoPlist.strings */,
			);
			name = en.lproj;
			path = SoapBox/en.lproj;
			sourceTree = "<group>";
		};
		804DA65C17ED54A800F86495 = {
			isa = PBXGroup;
			children = (
				5EECC1DC17ED8F5600BDDF4E /* en.lproj */,
				804DA66E17ED54A800F86495 /* SoapBox */,
				38A7941E17ED70930078F048 /* icons */,
				804DA68D17ED54A800F86495 /* SoapBoxTests */,
				804DA66717ED54A800F86495 /* Frameworks */,
				804DA66617ED54A800F86495 /* Products */,
			);
			sourceTree = "<group>";
		};
		804DA66617ED54A800F86495 /* Products */ = {
			isa = PBXGroup;
			children = (
				804DA66517ED54A800F86495 /* SoapBox.app */,
				804DA68617ED54A800F86495 /* SoapBoxTests.xctest */,
			);
			name = Products;
			sourceTree = "<group>";
		};
		804DA66717ED54A800F86495 /* Frameworks */ = {
			isa = PBXGroup;
			children = (
				383FDAAA17EDD09700F80046 /* libz.dylib */,
				383FDAA817EDCF0D00F80046 /* MapKit.framework */,
				804DA6B917ED886900F86495 /* FacebookSDK */,
				38FBF7B517ED68B9004695DA /* libsqlite3.dylib */,
				38FBF7B317ED67B7004695DA /* Accounts.framework */,
				38FBF7B117ED67A9004695DA /* Social.framework */,
				38FBF7AF17ED67A2004695DA /* AdSupport.framework */,
				38FBF7AD17ED64A9004695DA /* SystemConfiguration.framework */,
				38FBF7AB17ED649B004695DA /* StoreKit.framework */,
				38FBF7A917ED6492004695DA /* Security.framework */,
				38FBF7A717ED648A004695DA /* QuartzCore.framework */,
				38FBF7A517ED6480004695DA /* MobileCoreServices.framework */,
				38FBF7A317ED6476004695DA /* libz.1.1.3.dylib */,
				38FBF7A117ED6468004695DA /* CoreLocation.framework */,
				38FBF79F17ED644E004695DA /* CFNetwork.framework */,
				38FBF79D17ED6446004695DA /* AudioToolbox.framework */,
				38FBF79A17ED5A2B004695DA /* FacebookSDK.framework */,
				38FBF79817ED56BD004695DA /* Parse.framework */,
				804DA66817ED54A800F86495 /* Foundation.framework */,
				804DA66A17ED54A800F86495 /* CoreGraphics.framework */,
				804DA66C17ED54A800F86495 /* UIKit.framework */,
				804DA68717ED54A800F86495 /* XCTest.framework */,
			);
			name = Frameworks;
			sourceTree = "<group>";
		};
		804DA66E17ED54A800F86495 /* SoapBox */ = {
			isa = PBXGroup;
			children = (
				5EECC1E017ED8F5600BDDF4E /* IssueViewController.xib */,
				5E79FB7017EE048100430435 /* AddEmailViewController.h */,
				5E79FB7117EE048100430435 /* AddEmailViewController.m */,
				5E79FB7217EE048100430435 /* AddEmailViewController.xib */,
				5EECC1E117ED8F5600BDDF4E /* UIViewController+Container.h */,
				5EECC1D417ED8F5600BDDF4E /* DummyMapViewController.m */,
				5EECC1E217ED8F5600BDDF4E /* UIViewController+Container.m */,
				5EECC1E317ED8F5600BDDF4E /* UIViewController+MasterContainer.h */,
				5EECC1E417ED8F5600BDDF4E /* UIViewController+MasterContainer.m */,
				5EECC1D317ED8F5600BDDF4E /* DummyMapViewController.h */,
				5EECC1D517ED8F5600BDDF4E /* DummyMapViewController.xib */,
				5EECC1D617ED8F5600BDDF4E /* DummyTableViewController.h */,
				5EECC1D717ED8F5600BDDF4E /* DummyTableViewController.m */,
				5EECC1D817ED8F5600BDDF4E /* DummyTableViewController.xib */,
				5EECC1D917ED8F5600BDDF4E /* DummyViewController.h */,
				5EECC1DA17ED8F5600BDDF4E /* DummyViewController.m */,
				5EECC1DB17ED8F5600BDDF4E /* DummyViewController.xib */,
				046C386817ED8FEE00460C13 /* DummyMapViewController.h */,
				046C386917ED8FEE00460C13 /* DummyMapViewController.m */,
				046C386A17ED8FEE00460C13 /* DummyMapViewController.xib */,
				046C386B17ED8FEE00460C13 /* DummyTableViewController.h */,
				046C386C17ED8FEE00460C13 /* DummyTableViewController.m */,
				046C386D17ED8FEE00460C13 /* DummyTableViewController.xib */,
				046C386E17ED8FEE00460C13 /* DummyViewController.h */,
				046C386F17ED8FEE00460C13 /* DummyViewController.m */,
				046C387017ED8FEE00460C13 /* DummyViewController.xib */,
				5EB0A1A517ED7C4C003E6935 /* IssueViewController.h */,
				5EB0A1A617ED7C4C003E6935 /* IssueViewController.m */,
				5EB0A1A017ED70A2003E6935 /* AddIssueViewController.h */,
				5EB0A1A117ED70A2003E6935 /* AddIssueViewController.m */,
				5EB0A1AA17ED7CB6003E6935 /* Issue.h */,
				5EB0A1AB17ED7CB6003E6935 /* Issue.m */,
				804DA69F17ED65BF00F86495 /* MasterViewController.h */,
				804DA6A017ED65BF00F86495 /* MasterViewController.m */,
				5E79FB6917EDD6CD00430435 /* IssueListViewController.h */,
				5E79FB6A17EDD6CD00430435 /* IssueListViewController.m */,
				045AA87B17EE4CD8006499F5 /* CustomCell.h */,
				045AA87C17EE4CD8006499F5 /* CustomCell.m */,
				804DA67717ED54A800F86495 /* AppDelegate.h */,
				804DA67817ED54A800F86495 /* AppDelegate.m */,
				804DA67D17ED54A800F86495 /* ViewController.h */,
				804DA67E17ED54A800F86495 /* ViewController.m */,
				046C385D17ED802200460C13 /* MainMenuViewController.h */,
				046C385E17ED802200460C13 /* MainMenuViewController.m */,
				804DA68017ED54A800F86495 /* Images.xcassets */,
				38A7942517ED74CC0078F048 /* Objects */,
				38A7942417ED745F0078F048 /* View Controllers */,
				38FBF79C17ED6285004695DA /* XIBS */,
				804DA66F17ED54A800F86495 /* Supporting Files */,
				382C655517EDAA7E006BBCE2 /* AddNewIssueViewController.h */,
				382C655617EDAA7E006BBCE2 /* AddNewIssueViewController.m */,
				382C655717EDAA7E006BBCE2 /* AddNewIssueViewController.xib */,
				382C655A17EDAD0C006BBCE2 /* LocChooseViewController.h */,
				382C655B17EDAD0C006BBCE2 /* LocChooseViewController.m */,
				382C655C17EDAD0C006BBCE2 /* LocChooseViewController.xib */,
			);
			path = SoapBox;
			sourceTree = "<group>";
		};
		804DA66F17ED54A800F86495 /* Supporting Files */ = {
			isa = PBXGroup;
			children = (
				804DA67017ED54A800F86495 /* SoapBox-Info.plist */,
				804DA67117ED54A800F86495 /* InfoPlist.strings */,
				804DA67417ED54A800F86495 /* main.m */,
				804DA67617ED54A800F86495 /* SoapBox-Prefix.pch */,
				382C655F17EDAE11006BBCE2 /* Constant.h */,
			);
			name = "Supporting Files";
			sourceTree = "<group>";
		};
		804DA68D17ED54A800F86495 /* SoapBoxTests */ = {
			isa = PBXGroup;
			children = (
				804DA69317ED54A800F86495 /* SoapBoxTests.m */,
				804DA68E17ED54A800F86495 /* Supporting Files */,
			);
			path = SoapBoxTests;
			sourceTree = "<group>";
		};
		804DA68E17ED54A800F86495 /* Supporting Files */ = {
			isa = PBXGroup;
			children = (
				804DA68F17ED54A800F86495 /* SoapBoxTests-Info.plist */,
				804DA69017ED54A800F86495 /* InfoPlist.strings */,
			);
			name = "Supporting Files";
			sourceTree = "<group>";
		};
/* End PBXGroup section */

/* Begin PBXNativeTarget section */
		804DA66417ED54A800F86495 /* SoapBox */ = {
			isa = PBXNativeTarget;
			buildConfigurationList = 804DA69717ED54A800F86495 /* Build configuration list for PBXNativeTarget "SoapBox" */;
			buildPhases = (
				804DA66117ED54A800F86495 /* Sources */,
				804DA66217ED54A800F86495 /* Frameworks */,
				804DA66317ED54A800F86495 /* Resources */,
			);
			buildRules = (
			);
			dependencies = (
			);
			name = SoapBox;
			productName = SoapBox;
			productReference = 804DA66517ED54A800F86495 /* SoapBox.app */;
			productType = "com.apple.product-type.application";
		};
		804DA68517ED54A800F86495 /* SoapBoxTests */ = {
			isa = PBXNativeTarget;
			buildConfigurationList = 804DA69A17ED54A800F86495 /* Build configuration list for PBXNativeTarget "SoapBoxTests" */;
			buildPhases = (
				804DA68217ED54A800F86495 /* Sources */,
				804DA68317ED54A800F86495 /* Frameworks */,
				804DA68417ED54A800F86495 /* Resources */,
			);
			buildRules = (
			);
			dependencies = (
				804DA68C17ED54A800F86495 /* PBXTargetDependency */,
			);
			name = SoapBoxTests;
			productName = SoapBoxTests;
			productReference = 804DA68617ED54A800F86495 /* SoapBoxTests.xctest */;
			productType = "com.apple.product-type.bundle.unit-test";
		};
/* End PBXNativeTarget section */

/* Begin PBXProject section */
		804DA65D17ED54A800F86495 /* Project object */ = {
			isa = PBXProject;
			attributes = {
				LastUpgradeCheck = 0500;
				ORGANIZATIONNAME = Josh;
				TargetAttributes = {
					804DA66417ED54A800F86495 = {
						DevelopmentTeam = 5G84J3W3H2;
					};
					804DA68517ED54A800F86495 = {
						TestTargetID = 804DA66417ED54A800F86495;
					};
				};
			};
			buildConfigurationList = 804DA66017ED54A800F86495 /* Build configuration list for PBXProject "SoapBox" */;
			compatibilityVersion = "Xcode 3.2";
			developmentRegion = English;
			hasScannedForEncodings = 0;
			knownRegions = (
				en,
				Base,
			);
			mainGroup = 804DA65C17ED54A800F86495;
			productRefGroup = 804DA66617ED54A800F86495 /* Products */;
			projectDirPath = "";
			projectRoot = "";
			targets = (
				804DA66417ED54A800F86495 /* SoapBox */,
				804DA68517ED54A800F86495 /* SoapBoxTests */,
			);
		};
/* End PBXProject section */

/* Begin PBXResourcesBuildPhase section */
		804DA66317ED54A800F86495 /* Resources */ = {
			isa = PBXResourcesBuildPhase;
			buildActionMask = 2147483647;
			files = (
				383FDAA317EDC1A400F80046 /* search@2x.png in Resources */,
				5EECC1ED17ED8F5600BDDF4E /* IssueViewController.xib in Resources */,
				383FDA8B17EDC16A00F80046 /* arrow.png in Resources */,
				045AA87F17EE4CD8006499F5 /* CustomCell.xib in Resources */,
				804DA6A317ED65BF00F86495 /* MasterViewController.xib in Resources */,
				383FDA9217EDC17700F80046 /* account.png in Resources */,
				5EECC1EA17ED8F5600BDDF4E /* DummyViewController.xib in Resources */,
				383FDA9517EDC18B00F80046 /* cross@2x.png in Resources */,
				5EECC1E817ED8F5600BDDF4E /* DummyTableViewController.xib in Resources */,
				5EECC1EB17ED8F5600BDDF4E /* InfoPlist.strings in Resources */,
				804DA6A317ED65BF00F86495 /* MasterViewController.xib in Resources */,
				382C655E17EDAD0C006BBCE2 /* LocChooseViewController.xib in Resources */,
				383FDAA417EDC1A400F80046 /* settings.png in Resources */,
				383FDAA217EDC1A400F80046 /* search.png in Resources */,
				046C387617ED8FEE00460C13 /* DummyViewController.xib in Resources */,
				383FDAA017EDC1A400F80046 /* pin_blue_small.png in Resources */,
				383FDAA517EDC1A400F80046 /* settings@2x.png in Resources */,
				046C387417ED8FEE00460C13 /* DummyTableViewController.xib in Resources */,
				383FDA8D17EDC16A00F80046 /* camera-white.png in Resources */,
				383FDA9317EDC17700F80046 /* account@2x.png in Resources */,
				804DA68117ED54A800F86495 /* Images.xcassets in Resources */,
				5E79FB6D17EDD6CD00430435 /* IssueListViewController.xib in Resources */,
				804DA67317ED54A800F86495 /* InfoPlist.strings in Resources */,
				045AA88117EE583D006499F5 /* SECRCODE.TTF in Resources */,
				0403EFEB17EDBF9E00696605 /* soapbox.png in Resources */,
				38A7942317ED721F0078F048 /* pin_blue_small.png in Resources */,
				383FDA8E17EDC16A00F80046 /* check.png in Resources */,
				046C386717ED8ADF00460C13 /* MainMenuViewController.xib in Resources */,
				38A7941D17ED70410078F048 /* ViewController.xib in Resources */,
				382C655917EDAA7F006BBCE2 /* AddNewIssueViewController.xib in Resources */,
				383FDA8517EDC15100F80046 /* camera-white.png in Resources */,
				383FDA8F17EDC16A00F80046 /* check@2x.png in Resources */,
				383FDAA117EDC1A400F80046 /* pin-black.png in Resources */,
				383FDA9E17EDC1A400F80046 /* menu.png in Resources */,
				5EB0A1A417ED70A2003E6935 /* AddIssueViewController.xib in Resources */,
				38A7941B17ED6D1E0078F048 /* MapViewController.xib in Resources */,
				383FDA8C17EDC16A00F80046 /* arrow@2x.png in Resources */,
				5EECC1E617ED8F5600BDDF4E /* DummyMapViewController.xib in Resources */,
				383FDAA717EDC1AC00F80046 /* tag-flat.png in Resources */,
				0403EFFC17EE299700696605 /* backgroundPattern.png in Resources */,
				383FDA9F17EDC1A400F80046 /* menu@2x.png in Resources */,
				046C387217ED8FEE00460C13 /* DummyMapViewController.xib in Resources */,
				5E79FB7417EE048100430435 /* AddEmailViewController.xib in Resources */,
				804DA6BC17ED8AA100F86495 /* MainMenuViewController.xib in Resources */,
			);
			runOnlyForDeploymentPostprocessing = 0;
		};
		804DA68417ED54A800F86495 /* Resources */ = {
			isa = PBXResourcesBuildPhase;
			buildActionMask = 2147483647;
			files = (
				804DA69217ED54A800F86495 /* InfoPlist.strings in Resources */,
			);
			runOnlyForDeploymentPostprocessing = 0;
		};
/* End PBXResourcesBuildPhase section */

/* Begin PBXSourcesBuildPhase section */
		804DA66117ED54A800F86495 /* Sources */ = {
			isa = PBXSourcesBuildPhase;
			buildActionMask = 2147483647;
			files = (
				38D51E9B17EDFEF300B7563C /* ViewController.m in Sources */,
				5E79FB6F17EDFAFE00430435 /* IssueViewController.m in Sources */,
				5E79FB7317EE048100430435 /* AddEmailViewController.m in Sources */,
				5E79FB6E17EDD72A00430435 /* Issue.m in Sources */,
				382C651917ED9CBC006BBCE2 /* MasterViewController.m in Sources */,
				5EECC1E717ED8F5600BDDF4E /* DummyTableViewController.m in Sources */,
				5EECC1EE17ED8F5600BDDF4E /* UIViewController+Container.m in Sources */,
				5EECC1EF17ED8F5600BDDF4E /* UIViewController+MasterContainer.m in Sources */,
				5EECC1E917ED8F5600BDDF4E /* DummyViewController.m in Sources */,
				382C655D17EDAD0C006BBCE2 /* LocChooseViewController.m in Sources */,
				38A7942117ED70EB0078F048 /* LocationGetter.m in Sources */,
				804DA67917ED54A800F86495 /* AppDelegate.m in Sources */,
				5E79FB6C17EDD6CD00430435 /* IssueListViewController.m in Sources */,
				5EB0A1A317ED70A2003E6935 /* AddIssueViewController.m in Sources */,
				045AA87E17EE4CD8006499F5 /* CustomCell.m in Sources */,
				046C387117ED8FEE00460C13 /* DummyMapViewController.m in Sources */,
				046C385F17ED802200460C13 /* MainMenuViewController.m in Sources */,
				804DA67517ED54A800F86495 /* main.m in Sources */,
				38A7941A17ED6D1E0078F048 /* MapViewController.m in Sources */,
				382C655817EDAA7F006BBCE2 /* AddNewIssueViewController.m in Sources */,
			);
			runOnlyForDeploymentPostprocessing = 0;
		};
		804DA68217ED54A800F86495 /* Sources */ = {
			isa = PBXSourcesBuildPhase;
			buildActionMask = 2147483647;
			files = (
				804DA69417ED54A800F86495 /* SoapBoxTests.m in Sources */,
			);
			runOnlyForDeploymentPostprocessing = 0;
		};
/* End PBXSourcesBuildPhase section */

/* Begin PBXTargetDependency section */
		804DA68C17ED54A800F86495 /* PBXTargetDependency */ = {
			isa = PBXTargetDependency;
			target = 804DA66417ED54A800F86495 /* SoapBox */;
			targetProxy = 804DA68B17ED54A800F86495 /* PBXContainerItemProxy */;
		};
/* End PBXTargetDependency section */

/* Begin PBXVariantGroup section */
		5EECC1DD17ED8F5600BDDF4E /* InfoPlist.strings */ = {
			isa = PBXVariantGroup;
			children = (
				5EECC1DE17ED8F5600BDDF4E /* en */,
			);
			name = InfoPlist.strings;
			sourceTree = "<group>";
		};
		804DA67117ED54A800F86495 /* InfoPlist.strings */ = {
			isa = PBXVariantGroup;
			children = (
				804DA67217ED54A800F86495 /* en */,
			);
			name = InfoPlist.strings;
			sourceTree = "<group>";
		};
		804DA69017ED54A800F86495 /* InfoPlist.strings */ = {
			isa = PBXVariantGroup;
			children = (
				804DA69117ED54A800F86495 /* en */,
			);
			name = InfoPlist.strings;
			sourceTree = "<group>";
		};
/* End PBXVariantGroup section */

/* Begin XCBuildConfiguration section */
		804DA69517ED54A800F86495 /* Debug */ = {
			isa = XCBuildConfiguration;
			buildSettings = {
				ALWAYS_SEARCH_USER_PATHS = NO;
				ARCHS = "$(ARCHS_STANDARD_INCLUDING_64_BIT)";
				CLANG_CXX_LANGUAGE_STANDARD = "gnu++0x";
				CLANG_CXX_LIBRARY = "libc++";
				CLANG_ENABLE_MODULES = YES;
				CLANG_ENABLE_OBJC_ARC = YES;
				CLANG_WARN_BOOL_CONVERSION = YES;
				CLANG_WARN_CONSTANT_CONVERSION = YES;
				CLANG_WARN_DIRECT_OBJC_ISA_USAGE = YES_ERROR;
				CLANG_WARN_EMPTY_BODY = YES;
				CLANG_WARN_ENUM_CONVERSION = YES;
				CLANG_WARN_INT_CONVERSION = YES;
				CLANG_WARN_OBJC_ROOT_CLASS = YES_ERROR;
				CLANG_WARN__DUPLICATE_METHOD_MATCH = YES;
				"CODE_SIGN_IDENTITY[sdk=iphoneos*]" = "iPhone Developer";
				COPY_PHASE_STRIP = NO;
				GCC_C_LANGUAGE_STANDARD = gnu99;
				GCC_DYNAMIC_NO_PIC = NO;
				GCC_OPTIMIZATION_LEVEL = 0;
				GCC_PREPROCESSOR_DEFINITIONS = (
					"DEBUG=1",
					"$(inherited)",
				);
				GCC_SYMBOLS_PRIVATE_EXTERN = NO;
				GCC_WARN_64_TO_32_BIT_CONVERSION = YES;
				GCC_WARN_ABOUT_RETURN_TYPE = YES_ERROR;
				GCC_WARN_UNDECLARED_SELECTOR = YES;
				GCC_WARN_UNINITIALIZED_AUTOS = YES;
				GCC_WARN_UNUSED_FUNCTION = YES;
				GCC_WARN_UNUSED_VARIABLE = YES;
				IPHONEOS_DEPLOYMENT_TARGET = 7.0;
				ONLY_ACTIVE_ARCH = YES;
				SDKROOT = iphoneos;
			};
			name = Debug;
		};
		804DA69617ED54A800F86495 /* Release */ = {
			isa = XCBuildConfiguration;
			buildSettings = {
				ALWAYS_SEARCH_USER_PATHS = NO;
				ARCHS = "$(ARCHS_STANDARD_INCLUDING_64_BIT)";
				CLANG_CXX_LANGUAGE_STANDARD = "gnu++0x";
				CLANG_CXX_LIBRARY = "libc++";
				CLANG_ENABLE_MODULES = YES;
				CLANG_ENABLE_OBJC_ARC = YES;
				CLANG_WARN_BOOL_CONVERSION = YES;
				CLANG_WARN_CONSTANT_CONVERSION = YES;
				CLANG_WARN_DIRECT_OBJC_ISA_USAGE = YES_ERROR;
				CLANG_WARN_EMPTY_BODY = YES;
				CLANG_WARN_ENUM_CONVERSION = YES;
				CLANG_WARN_INT_CONVERSION = YES;
				CLANG_WARN_OBJC_ROOT_CLASS = YES_ERROR;
				CLANG_WARN__DUPLICATE_METHOD_MATCH = YES;
				"CODE_SIGN_IDENTITY[sdk=iphoneos*]" = "iPhone Developer";
				COPY_PHASE_STRIP = YES;
				ENABLE_NS_ASSERTIONS = NO;
				GCC_C_LANGUAGE_STANDARD = gnu99;
				GCC_WARN_64_TO_32_BIT_CONVERSION = YES;
				GCC_WARN_ABOUT_RETURN_TYPE = YES_ERROR;
				GCC_WARN_UNDECLARED_SELECTOR = YES;
				GCC_WARN_UNINITIALIZED_AUTOS = YES;
				GCC_WARN_UNUSED_FUNCTION = YES;
				GCC_WARN_UNUSED_VARIABLE = YES;
				IPHONEOS_DEPLOYMENT_TARGET = 7.0;
				SDKROOT = iphoneos;
				VALIDATE_PRODUCT = YES;
			};
			name = Release;
		};
		804DA69817ED54A800F86495 /* Debug */ = {
			isa = XCBuildConfiguration;
			buildSettings = {
				ALWAYS_SEARCH_USER_PATHS = YES;
				ASSETCATALOG_COMPILER_APPICON_NAME = AppIcon;
				ASSETCATALOG_COMPILER_LAUNCHIMAGE_NAME = LaunchImage;
				CODE_SIGN_IDENTITY = "iPhone Developer";
				"CODE_SIGN_IDENTITY[sdk=iphoneos*]" = "iPhone Developer";
				FRAMEWORK_SEARCH_PATHS = (
					"$(inherited)",
					/Users/charleyhutchison/SoapBox/SoapBox,
					"/Users/Jack/Documents/Projects/SoapBox/**",
				);
				GCC_PRECOMPILE_PREFIX_HEADER = YES;
				GCC_PREFIX_HEADER = "SoapBox/SoapBox-Prefix.pch";
				HEADER_SEARCH_PATHS = (
					"$(inherited)",
					"/Applications/Xcode\\ 2.app/Contents/Developer/Toolchains/XcodeDefault.xctoolchain/usr/include",
				);
				INFOPLIST_FILE = "SoapBox/SoapBox-Info.plist";
				IPHONEOS_DEPLOYMENT_TARGET = 7.0;
				LIBRARY_SEARCH_PATHS = "$(inherited)";
				PRODUCT_NAME = "$(TARGET_NAME)";
				PROVISIONING_PROFILE = "";
				WRAPPER_EXTENSION = app;
			};
			name = Debug;
		};
		804DA69917ED54A800F86495 /* Release */ = {
			isa = XCBuildConfiguration;
			buildSettings = {
				ALWAYS_SEARCH_USER_PATHS = YES;
				ASSETCATALOG_COMPILER_APPICON_NAME = AppIcon;
				ASSETCATALOG_COMPILER_LAUNCHIMAGE_NAME = LaunchImage;
				CODE_SIGN_IDENTITY = "iPhone Developer";
				"CODE_SIGN_IDENTITY[sdk=iphoneos*]" = "iPhone Developer";
				FRAMEWORK_SEARCH_PATHS = (
					"$(inherited)",
					/Users/charleyhutchison/SoapBox/SoapBox,
					"/Users/Jack/Documents/Projects/SoapBox/**",
				);
				GCC_PRECOMPILE_PREFIX_HEADER = YES;
				GCC_PREFIX_HEADER = "SoapBox/SoapBox-Prefix.pch";
				HEADER_SEARCH_PATHS = (
					"$(inherited)",
					"/Applications/Xcode\\ 2.app/Contents/Developer/Toolchains/XcodeDefault.xctoolchain/usr/include",
				);
				INFOPLIST_FILE = "SoapBox/SoapBox-Info.plist";
				IPHONEOS_DEPLOYMENT_TARGET = 7.0;
				LIBRARY_SEARCH_PATHS = "$(inherited)";
				PRODUCT_NAME = "$(TARGET_NAME)";
				PROVISIONING_PROFILE = "";
				WRAPPER_EXTENSION = app;
			};
			name = Release;
		};
		804DA69B17ED54A800F86495 /* Debug */ = {
			isa = XCBuildConfiguration;
			buildSettings = {
				ARCHS = "$(ARCHS_STANDARD_INCLUDING_64_BIT)";
				BUNDLE_LOADER = "$(BUILT_PRODUCTS_DIR)/SoapBox.app/SoapBox";
				FRAMEWORK_SEARCH_PATHS = (
					"$(SDKROOT)/Developer/Library/Frameworks",
					"$(inherited)",
					"$(DEVELOPER_FRAMEWORKS_DIR)",
				);
				GCC_PRECOMPILE_PREFIX_HEADER = YES;
				GCC_PREFIX_HEADER = "SoapBox/SoapBox-Prefix.pch";
				GCC_PREPROCESSOR_DEFINITIONS = (
					"DEBUG=1",
					"$(inherited)",
				);
				INFOPLIST_FILE = "SoapBoxTests/SoapBoxTests-Info.plist";
				PRODUCT_NAME = "$(TARGET_NAME)";
				TEST_HOST = "$(BUNDLE_LOADER)";
				WRAPPER_EXTENSION = xctest;
			};
			name = Debug;
		};
		804DA69C17ED54A800F86495 /* Release */ = {
			isa = XCBuildConfiguration;
			buildSettings = {
				ARCHS = "$(ARCHS_STANDARD_INCLUDING_64_BIT)";
				BUNDLE_LOADER = "$(BUILT_PRODUCTS_DIR)/SoapBox.app/SoapBox";
				FRAMEWORK_SEARCH_PATHS = (
					"$(SDKROOT)/Developer/Library/Frameworks",
					"$(inherited)",
					"$(DEVELOPER_FRAMEWORKS_DIR)",
				);
				GCC_PRECOMPILE_PREFIX_HEADER = YES;
				GCC_PREFIX_HEADER = "SoapBox/SoapBox-Prefix.pch";
				INFOPLIST_FILE = "SoapBoxTests/SoapBoxTests-Info.plist";
				PRODUCT_NAME = "$(TARGET_NAME)";
				TEST_HOST = "$(BUNDLE_LOADER)";
				WRAPPER_EXTENSION = xctest;
			};
			name = Release;
		};
/* End XCBuildConfiguration section */

/* Begin XCConfigurationList section */
		804DA66017ED54A800F86495 /* Build configuration list for PBXProject "SoapBox" */ = {
			isa = XCConfigurationList;
			buildConfigurations = (
				804DA69517ED54A800F86495 /* Debug */,
				804DA69617ED54A800F86495 /* Release */,
			);
			defaultConfigurationIsVisible = 0;
			defaultConfigurationName = Release;
		};
		804DA69717ED54A800F86495 /* Build configuration list for PBXNativeTarget "SoapBox" */ = {
			isa = XCConfigurationList;
			buildConfigurations = (
				804DA69817ED54A800F86495 /* Debug */,
				804DA69917ED54A800F86495 /* Release */,
			);
			defaultConfigurationIsVisible = 0;
			defaultConfigurationName = Release;
		};
		804DA69A17ED54A800F86495 /* Build configuration list for PBXNativeTarget "SoapBoxTests" */ = {
			isa = XCConfigurationList;
			buildConfigurations = (
				804DA69B17ED54A800F86495 /* Debug */,
				804DA69C17ED54A800F86495 /* Release */,
			);
			defaultConfigurationIsVisible = 0;
			defaultConfigurationName = Release;
		};
/* End XCConfigurationList section */
	};
	rootObject = 804DA65D17ED54A800F86495 /* Project object */;
}
